
Microsoft Visual Studio Solution File, Format Version 12.00
Project("{FAE04EC0-301F-11D3-BF4B-00C04F79EFBC}") = "Character_items.API", "src\Character_items.API\Character_items.API.csproj", "{5D39C96E-BAD7-43AF-AE37-70EDFD55DB58}"
EndProject
Global
	GlobalSection(SolutionConfigurationPlatforms) = preSolution
		Debug|Any CPU = Debug|Any CPU
		Release|Any CPU = Release|Any CPU
	EndGlobalSection
	GlobalSection(ProjectConfigurationPlatforms) = postSolution
		{5D39C96E-BAD7-43AF-AE37-70EDFD55DB58}.Debug|Any CPU.ActiveCfg = Debug|Any CPU
		{5D39C96E-BAD7-43AF-AE37-70EDFD55DB58}.Debug|Any CPU.Build.0 = Debug|Any CPU
		{5D39C96E-BAD7-43AF-AE37-70EDFD55DB58}.Release|Any CPU.ActiveCfg = Release|Any CPU
		{5D39C96E-BAD7-43AF-AE37-70EDFD55DB58}.Release|Any CPU.Build.0 = Release|Any CPU
	EndGlobalSection
EndGlobal
